
Microsoft Visual Studio Solution File, Format Version 12.00
# Visual Studio Version 17
VisualStudioVersion = 17.0.31903.59
MinimumVisualStudioVersion = 10.0.40219.1
Project("{FAE04EC0-301F-11D3-BF4B-00C04F79EFBC}") = "Overclocked.Api", "Overclocked.Api\Overclocked.Api.csproj", "{569A49A0-5942-462C-AA49-C1847B19D765}"
EndProject
Project("{FAE04EC0-301F-11D3-BF4B-00C04F79EFBC}") = "Overclocked.Application", "Overclocked.Application\Overclocked.Application.csproj", "{B1A7AAC7-A1F4-4771-9030-FAA4143EF63E}"
EndProject
Project("{FAE04EC0-301F-11D3-BF4B-00C04F79EFBC}") = "Overclocked.Domain", "Overclocked.Domain\Overclocked.Domain.csproj", "{8CDE70D3-14BC-493C-8E9E-4D36A449569A}"
EndProject
Project("{FAE04EC0-301F-11D3-BF4B-00C04F79EFBC}") = "Overclocked.Infrastructure", "Overclocked.Infrastructure\Overclocked.Infrastructure.csproj", "{3D8D6868-9E28-4FFF-97FE-1016AC476AD9}"
EndProject
Project("{FAE04EC0-301F-11D3-BF4B-00C04F79EFBC}") = "Overclocked.Unit.Tests", "Overclocked.Unit.Tests\Overclocked.Unit.Tests.csproj", "{AD69E8EC-2636-40F1-85E2-CC3368052488}"
EndProject
Project("{FAE04EC0-301F-11D3-BF4B-00C04F79EFBC}") = "Overclocked.Integration.Tests", "Overclocked.Integration.Tests\Overclocked.Integration.Tests.csproj", "{C8EABA5B-CB91-4AFC-9506-46A915D2E3C1}"
EndProject
Project("{FAE04EC0-301F-11D3-BF4B-00C04F79EFBC}") = "Overclocked.Architecture.Tests", "Overclocked.Architecture.Tests\Overclocked.Architecture.Tests.csproj", "{1A9B0EB0-970B-4BBF-AF12-DED51275C25C}"
EndProject
Project("{FAE04EC0-301F-11D3-BF4B-00C04F79EFBC}") = "Overclocked.Contracts", "Overclocked.Contracts\Overclocked.Contracts.csproj", "{A42EBBA1-3387-44FB-AEE5-4B24C3A393C9}"
EndProject
Global
	GlobalSection(SolutionConfigurationPlatforms) = preSolution
		Debug|Any CPU = Debug|Any CPU
		Debug|x64 = Debug|x64
		Debug|x86 = Debug|x86
		Release|Any CPU = Release|Any CPU
		Release|x64 = Release|x64
		Release|x86 = Release|x86
	EndGlobalSection
	GlobalSection(ProjectConfigurationPlatforms) = postSolution
		{569A49A0-5942-462C-AA49-C1847B19D765}.Debug|Any CPU.ActiveCfg = Debug|Any CPU
		{569A49A0-5942-462C-AA49-C1847B19D765}.Debug|Any CPU.Build.0 = Debug|Any CPU
		{569A49A0-5942-462C-AA49-C1847B19D765}.Debug|x64.ActiveCfg = Debug|Any CPU
		{569A49A0-5942-462C-AA49-C1847B19D765}.Debug|x64.Build.0 = Debug|Any CPU
		{569A49A0-5942-462C-AA49-C1847B19D765}.Debug|x86.ActiveCfg = Debug|Any CPU
		{569A49A0-5942-462C-AA49-C1847B19D765}.Debug|x86.Build.0 = Debug|Any CPU
		{569A49A0-5942-462C-AA49-C1847B19D765}.Release|Any CPU.ActiveCfg = Release|Any CPU
		{569A49A0-5942-462C-AA49-C1847B19D765}.Release|Any CPU.Build.0 = Release|Any CPU
		{569A49A0-5942-462C-AA49-C1847B19D765}.Release|x64.ActiveCfg = Release|Any CPU
		{569A49A0-5942-462C-AA49-C1847B19D765}.Release|x64.Build.0 = Release|Any CPU
		{569A49A0-5942-462C-AA49-C1847B19D765}.Release|x86.ActiveCfg = Release|Any CPU
		{569A49A0-5942-462C-AA49-C1847B19D765}.Release|x86.Build.0 = Release|Any CPU
		{B1A7AAC7-A1F4-4771-9030-FAA4143EF63E}.Debug|Any CPU.ActiveCfg = Debug|Any CPU
		{B1A7AAC7-A1F4-4771-9030-FAA4143EF63E}.Debug|Any CPU.Build.0 = Debug|Any CPU
		{B1A7AAC7-A1F4-4771-9030-FAA4143EF63E}.Debug|x64.ActiveCfg = Debug|Any CPU
		{B1A7AAC7-A1F4-4771-9030-FAA4143EF63E}.Debug|x64.Build.0 = Debug|Any CPU
		{B1A7AAC7-A1F4-4771-9030-FAA4143EF63E}.Debug|x86.ActiveCfg = Debug|Any CPU
		{B1A7AAC7-A1F4-4771-9030-FAA4143EF63E}.Debug|x86.Build.0 = Debug|Any CPU
		{B1A7AAC7-A1F4-4771-9030-FAA4143EF63E}.Release|Any CPU.ActiveCfg = Release|Any CPU
		{B1A7AAC7-A1F4-4771-9030-FAA4143EF63E}.Release|Any CPU.Build.0 = Release|Any CPU
		{B1A7AAC7-A1F4-4771-9030-FAA4143EF63E}.Release|x64.ActiveCfg = Release|Any CPU
		{B1A7AAC7-A1F4-4771-9030-FAA4143EF63E}.Release|x64.Build.0 = Release|Any CPU
		{B1A7AAC7-A1F4-4771-9030-FAA4143EF63E}.Release|x86.ActiveCfg = Release|Any CPU
		{B1A7AAC7-A1F4-4771-9030-FAA4143EF63E}.Release|x86.Build.0 = Release|Any CPU
		{8CDE70D3-14BC-493C-8E9E-4D36A449569A}.Debug|Any CPU.ActiveCfg = Debug|Any CPU
		{8CDE70D3-14BC-493C-8E9E-4D36A449569A}.Debug|Any CPU.Build.0 = Debug|Any CPU
		{8CDE70D3-14BC-493C-8E9E-4D36A449569A}.Debug|x64.ActiveCfg = Debug|Any CPU
		{8CDE70D3-14BC-493C-8E9E-4D36A449569A}.Debug|x64.Build.0 = Debug|Any CPU
		{8CDE70D3-14BC-493C-8E9E-4D36A449569A}.Debug|x86.ActiveCfg = Debug|Any CPU
		{8CDE70D3-14BC-493C-8E9E-4D36A449569A}.Debug|x86.Build.0 = Debug|Any CPU
		{8CDE70D3-14BC-493C-8E9E-4D36A449569A}.Release|Any CPU.ActiveCfg = Release|Any CPU
		{8CDE70D3-14BC-493C-8E9E-4D36A449569A}.Release|Any CPU.Build.0 = Release|Any CPU
		{8CDE70D3-14BC-493C-8E9E-4D36A449569A}.Release|x64.ActiveCfg = Release|Any CPU
		{8CDE70D3-14BC-493C-8E9E-4D36A449569A}.Release|x64.Build.0 = Release|Any CPU
		{8CDE70D3-14BC-493C-8E9E-4D36A449569A}.Release|x86.ActiveCfg = Release|Any CPU
		{8CDE70D3-14BC-493C-8E9E-4D36A449569A}.Release|x86.Build.0 = Release|Any CPU
		{3D8D6868-9E28-4FFF-97FE-1016AC476AD9}.Debug|Any CPU.ActiveCfg = Debug|Any CPU
		{3D8D6868-9E28-4FFF-97FE-1016AC476AD9}.Debug|Any CPU.Build.0 = Debug|Any CPU
		{3D8D6868-9E28-4FFF-97FE-1016AC476AD9}.Debug|x64.ActiveCfg = Debug|Any CPU
		{3D8D6868-9E28-4FFF-97FE-1016AC476AD9}.Debug|x64.Build.0 = Debug|Any CPU
		{3D8D6868-9E28-4FFF-97FE-1016AC476AD9}.Debug|x86.ActiveCfg = Debug|Any CPU
		{3D8D6868-9E28-4FFF-97FE-1016AC476AD9}.Debug|x86.Build.0 = Debug|Any CPU
		{3D8D6868-9E28-4FFF-97FE-1016AC476AD9}.Release|Any CPU.ActiveCfg = Release|Any CPU
		{3D8D6868-9E28-4FFF-97FE-1016AC476AD9}.Release|Any CPU.Build.0 = Release|Any CPU
		{3D8D6868-9E28-4FFF-97FE-1016AC476AD9}.Release|x64.ActiveCfg = Release|Any CPU
		{3D8D6868-9E28-4FFF-97FE-1016AC476AD9}.Release|x64.Build.0 = Release|Any CPU
		{3D8D6868-9E28-4FFF-97FE-1016AC476AD9}.Release|x86.ActiveCfg = Release|Any CPU
		{3D8D6868-9E28-4FFF-97FE-1016AC476AD9}.Release|x86.Build.0 = Release|Any CPU
		{AD69E8EC-2636-40F1-85E2-CC3368052488}.Debug|Any CPU.ActiveCfg = Debug|Any CPU
		{AD69E8EC-2636-40F1-85E2-CC3368052488}.Debug|Any CPU.Build.0 = Debug|Any CPU
		{AD69E8EC-2636-40F1-85E2-CC3368052488}.Debug|x64.ActiveCfg = Debug|Any CPU
		{AD69E8EC-2636-40F1-85E2-CC3368052488}.Debug|x64.Build.0 = Debug|Any CPU
		{AD69E8EC-2636-40F1-85E2-CC3368052488}.Debug|x86.ActiveCfg = Debug|Any CPU
		{AD69E8EC-2636-40F1-85E2-CC3368052488}.Debug|x86.Build.0 = Debug|Any CPU
		{AD69E8EC-2636-40F1-85E2-CC3368052488}.Release|Any CPU.ActiveCfg = Release|Any CPU
		{AD69E8EC-2636-40F1-85E2-CC3368052488}.Release|Any CPU.Build.0 = Release|Any CPU
		{AD69E8EC-2636-40F1-85E2-CC3368052488}.Release|x64.ActiveCfg = Release|Any CPU
		{AD69E8EC-2636-40F1-85E2-CC3368052488}.Release|x64.Build.0 = Release|Any CPU
		{AD69E8EC-2636-40F1-85E2-CC3368052488}.Release|x86.ActiveCfg = Release|Any CPU
		{AD69E8EC-2636-40F1-85E2-CC3368052488}.Release|x86.Build.0 = Release|Any CPU
		{C8EABA5B-CB91-4AFC-9506-46A915D2E3C1}.Debug|Any CPU.ActiveCfg = Debug|Any CPU
		{C8EABA5B-CB91-4AFC-9506-46A915D2E3C1}.Debug|Any CPU.Build.0 = Debug|Any CPU
		{C8EABA5B-CB91-4AFC-9506-46A915D2E3C1}.Debug|x64.ActiveCfg = Debug|Any CPU
		{C8EABA5B-CB91-4AFC-9506-46A915D2E3C1}.Debug|x64.Build.0 = Debug|Any CPU
		{C8EABA5B-CB91-4AFC-9506-46A915D2E3C1}.Debug|x86.ActiveCfg = Debug|Any CPU
		{C8EABA5B-CB91-4AFC-9506-46A915D2E3C1}.Debug|x86.Build.0 = Debug|Any CPU
		{C8EABA5B-CB91-4AFC-9506-46A915D2E3C1}.Release|Any CPU.ActiveCfg = Release|Any CPU
		{C8EABA5B-CB91-4AFC-9506-46A915D2E3C1}.Release|Any CPU.Build.0 = Release|Any CPU
		{C8EABA5B-CB91-4AFC-9506-46A915D2E3C1}.Release|x64.ActiveCfg = Release|Any CPU
		{C8EABA5B-CB91-4AFC-9506-46A915D2E3C1}.Release|x64.Build.0 = Release|Any CPU
		{C8EABA5B-CB91-4AFC-9506-46A915D2E3C1}.Release|x86.ActiveCfg = Release|Any CPU
		{C8EABA5B-CB91-4AFC-9506-46A915D2E3C1}.Release|x86.Build.0 = Release|Any CPU
		{1A9B0EB0-970B-4BBF-AF12-DED51275C25C}.Debug|Any CPU.ActiveCfg = Debug|Any CPU
		{1A9B0EB0-970B-4BBF-AF12-DED51275C25C}.Debug|Any CPU.Build.0 = Debug|Any CPU
		{1A9B0EB0-970B-4BBF-AF12-DED51275C25C}.Debug|x64.ActiveCfg = Debug|Any CPU
		{1A9B0EB0-970B-4BBF-AF12-DED51275C25C}.Debug|x64.Build.0 = Debug|Any CPU
		{1A9B0EB0-970B-4BBF-AF12-DED51275C25C}.Debug|x86.ActiveCfg = Debug|Any CPU
		{1A9B0EB0-970B-4BBF-AF12-DED51275C25C}.Debug|x86.Build.0 = Debug|Any CPU
		{1A9B0EB0-970B-4BBF-AF12-DED51275C25C}.Release|Any CPU.ActiveCfg = Release|Any CPU
		{1A9B0EB0-970B-4BBF-AF12-DED51275C25C}.Release|Any CPU.Build.0 = Release|Any CPU
		{1A9B0EB0-970B-4BBF-AF12-DED51275C25C}.Release|x64.ActiveCfg = Release|Any CPU
		{1A9B0EB0-970B-4BBF-AF12-DED51275C25C}.Release|x64.Build.0 = Release|Any CPU
		{1A9B0EB0-970B-4BBF-AF12-DED51275C25C}.Release|x86.ActiveCfg = Release|Any CPU
		{1A9B0EB0-970B-4BBF-AF12-DED51275C25C}.Release|x86.Build.0 = Release|Any CPU
		{A42EBBA1-3387-44FB-AEE5-4B24C3A393C9}.Debug|Any CPU.ActiveCfg = Debug|Any CPU
		{A42EBBA1-3387-44FB-AEE5-4B24C3A393C9}.Debug|Any CPU.Build.0 = Debug|Any CPU
		{A42EBBA1-3387-44FB-AEE5-4B24C3A393C9}.Debug|x64.ActiveCfg = Debug|Any CPU
		{A42EBBA1-3387-44FB-AEE5-4B24C3A393C9}.Debug|x64.Build.0 = Debug|Any CPU
		{A42EBBA1-3387-44FB-AEE5-4B24C3A393C9}.Debug|x86.ActiveCfg = Debug|Any CPU
		{A42EBBA1-3387-44FB-AEE5-4B24C3A393C9}.Debug|x86.Build.0 = Debug|Any CPU
		{A42EBBA1-3387-44FB-AEE5-4B24C3A393C9}.Release|Any CPU.ActiveCfg = Release|Any CPU
		{A42EBBA1-3387-44FB-AEE5-4B24C3A393C9}.Release|Any CPU.Build.0 = Release|Any CPU
		{A42EBBA1-3387-44FB-AEE5-4B24C3A393C9}.Release|x64.ActiveCfg = Release|Any CPU
		{A42EBBA1-3387-44FB-AEE5-4B24C3A393C9}.Release|x64.Build.0 = Release|Any CPU
		{A42EBBA1-3387-44FB-AEE5-4B24C3A393C9}.Release|x86.ActiveCfg = Release|Any CPU
		{A42EBBA1-3387-44FB-AEE5-4B24C3A393C9}.Release|x86.Build.0 = Release|Any CPU
	EndGlobalSection
	GlobalSection(SolutionProperties) = preSolution
		HideSolutionNode = FALSE
	EndGlobalSection
EndGlobal
