
Microsoft Visual Studio Solution File, Format Version 12.00
# Visual Studio Version 17
VisualStudioVersion = 17.13.35931.197 d17.13
MinimumVisualStudioVersion = 10.0.40219.1
Project("{FAE04EC0-301F-11D3-BF4B-00C04F79EFBC}") = "Domain", "Domain\Domain.csproj", "{3C5F52B4-77FF-4A91-B321-12986FE8052F}"
EndProject
Project("{FAE04EC0-301F-11D3-BF4B-00C04F79EFBC}") = "Application", "Application\Application.csproj", "{A6CB2B6A-B9AA-4A7F-BBBC-19207C6F62D2}"
EndProject
Project("{FAE04EC0-301F-11D3-BF4B-00C04F79EFBC}") = "Infrastructure", "Infrastructure\Infrastructure.csproj", "{0B6F9B9F-A9B5-4766-BD18-FC9A3F07646B}"
EndProject
Project("{FAE04EC0-301F-11D3-BF4B-00C04F79EFBC}") = "Api", "Api\Api.csproj", "{0C3B866A-EB43-4C2A-ADF4-24F7EE6FC7D3}"
EndProject
Global
	GlobalSection(SolutionConfigurationPlatforms) = preSolution
		Debug|Any CPU = Debug|Any CPU
		Release|Any CPU = Release|Any CPU
	EndGlobalSection
	GlobalSection(ProjectConfigurationPlatforms) = postSolution
		{3C5F52B4-77FF-4A91-B321-12986FE8052F}.Debug|Any CPU.ActiveCfg = Debug|Any CPU
		{3C5F52B4-77FF-4A91-B321-12986FE8052F}.Debug|Any CPU.Build.0 = Debug|Any CPU
		{3C5F52B4-77FF-4A91-B321-12986FE8052F}.Release|Any CPU.ActiveCfg = Release|Any CPU
		{3C5F52B4-77FF-4A91-B321-12986FE8052F}.Release|Any CPU.Build.0 = Release|Any CPU
		{A6CB2B6A-B9AA-4A7F-BBBC-19207C6F62D2}.Debug|Any CPU.ActiveCfg = Debug|Any CPU
		{A6CB2B6A-B9AA-4A7F-BBBC-19207C6F62D2}.Debug|Any CPU.Build.0 = Debug|Any CPU
		{A6CB2B6A-B9AA-4A7F-BBBC-19207C6F62D2}.Release|Any CPU.ActiveCfg = Release|Any CPU
		{A6CB2B6A-B9AA-4A7F-BBBC-19207C6F62D2}.Release|Any CPU.Build.0 = Release|Any CPU
		{0B6F9B9F-A9B5-4766-BD18-FC9A3F07646B}.Debug|Any CPU.ActiveCfg = Debug|Any CPU
		{0B6F9B9F-A9B5-4766-BD18-FC9A3F07646B}.Debug|Any CPU.Build.0 = Debug|Any CPU
		{0B6F9B9F-A9B5-4766-BD18-FC9A3F07646B}.Release|Any CPU.ActiveCfg = Release|Any CPU
		{0B6F9B9F-A9B5-4766-BD18-FC9A3F07646B}.Release|Any CPU.Build.0 = Release|Any CPU
		{0C3B866A-EB43-4C2A-ADF4-24F7EE6FC7D3}.Debug|Any CPU.ActiveCfg = Debug|Any CPU
		{0C3B866A-EB43-4C2A-ADF4-24F7EE6FC7D3}.Debug|Any CPU.Build.0 = Debug|Any CPU
		{0C3B866A-EB43-4C2A-ADF4-24F7EE6FC7D3}.Release|Any CPU.ActiveCfg = Release|Any CPU
		{0C3B866A-EB43-4C2A-ADF4-24F7EE6FC7D3}.Release|Any CPU.Build.0 = Release|Any CPU
	EndGlobalSection
	GlobalSection(SolutionProperties) = preSolution
		HideSolutionNode = FALSE
	EndGlobalSection
	GlobalSection(ExtensibilityGlobals) = postSolution
		SolutionGuid = {9E9292FE-A685-4701-B720-491F6E2F1812}
	EndGlobalSection
EndGlobal
